schema_version: 1
recorded_at: "2026-09-23"
platform:
  host: "Windows 11"
  containers: "linux/amd64"

dependencies:
  paperclip:
    version: "owner-maintained fork candidate a0225e8f8ae7ce16d9f52ac25e64702d7ddb173f; NOT ADMITTED"
    source: "https://github.com/Dzikle/paperclip.git"
    license: "MIT"
    admission_status: "FORK RE-ADMISSION PENDING; Milestone 1 BLOCKED"
    fork_branch: "ai-factory/milestone0-maintained"
    fork_commit: "a0225e8f8ae7ce16d9f52ac25e64702d7ddb173f"
    fork_image: null
    fork_schema_identity: null
    upstream_tracking: "read-only; no upstream PRs without explicit owner approval"
    upstream_base: "e1f245a6607f3920d1618409ee0d5b90c822d81e"
    upstream_lease_fix: "https://github.com/paperclipai/paperclip/pull/13515"
    latest_upstream_inspected: "8326e33adad63e26c918edf6adf6db114997eced"
    milestone0c_upstream_base: "8326e33adad63e26c918edf6adf6db114997eced"
    upstream_ssh_lease_pr: "https://github.com/paperclipai/paperclip/pull/13772"
    upstream_ssh_lease_commit: "e319a7e8ddeba95274616d042d143c2343fc6031"
    upstream_enrichment_pr: "https://github.com/paperclipai/paperclip/pull/13773"
    upstream_enrichment_commit: "0b455c84c0c4b52a7bd6b6b99e16863cd4a16c10"
    upstream_pr_status: "#13772 and #13773 CLOSED at owner request on 2026-09-23; historical provenance only"
    milestone0c_validation: "At combined fork source a0225e8, source-equivalent Linux tree passed 121/121 focused server tests, 2/2 plugin SDK tests, pnpm -r typecheck and normal pnpm build. Build stamp still names older test-tree Git commit; exact fork image, baseline migration, and live re-admission remain pending. Former upstream PRs #13772/#13773 closed at owner request; both individual PR CI suites passed."
    test_tree: "8414940ca75347bd85f6b1be58af40697c82c03c"
    seam_test_commit: "d69a384ab1f8e2d68ec1bb16b4aa4874a720b054"
    seam_standalone_commit: "939a02e96847282da5881a3a30f396c51659b32c"
    host_lease_standalone_commit: "0453a773a59403f57f978ecf68359282a025f7ef"
    historical_0b_image: "aif-paperclip-m0b@sha256:3b4d342b8262f5d6ccc97d0dd6307034c5f3d644e5b52e5a92da33e9527f7943"
    historical_0b_image_platform_manifest: "sha256:97e08a86247823eba27851706e9af268f9ce20ed5315f2db187933255c9de0b5"
    baseline_commit: "5282cabde84624320e63bd942f6ed5124952f2a2"
    baseline_image: "ghcr.io/paperclipai/paperclip@sha256:99f4de5e419e0292db9912753adb800cca2d761cb839f21c7c1f1096f689fa83"
    note: "historical_0b_image fields are admission-only hybrid image digests, NOT the fork candidate. Exact 0B commits remain in patches/paperclip/paperclip-m0b-test.bundle. The owner now maintains both fixes in Dzikle/paperclip; no immutable fork image is admitted. Exact-commit build, old-database migration and full real re-admission remain gates."
  postgres:
    version: "17.11 (17-alpine image line)"
    license: "PostgreSQL"
    image: "postgres@sha256:7456ef82e5f5bc43d997f4781bbd7c0d6389bff397564649a356e206ba473aee"
    image_platform_manifest: "sha256:7456ef82e5f5bc43d997f4781bbd7c0d6389bff397564649a356e206ba473aee"
  agent_skills:
    version: "skills-ref 0.1.0; commit 69ef37e9424c0a7ea9dd2293b559e43ec8176379"
    source: "https://github.com/agentskills/agentskills.git"
    license: "Apache-2.0"
  opensearch:
    version: "3.8.0"
    license: "Apache-2.0"
    image: "opensearchproject/opensearch@sha256:39a8f8c63028e8b5d6b70539af1d0339b15a6729002dd5b3f4a65f520376fd30"
    image_platform_manifest: "sha256:39a8f8c63028e8b5d6b70539af1d0339b15a6729002dd5b3f4a65f520376fd30"
  opensearch_mcp:
    version: "0.11.0; commit fcb23ec17186ba905590fb06b2eeecb063bc54a7"
    source: "https://github.com/opensearch-project/opensearch-mcp-server-py.git"
    license: "Apache-2.0"
    deployment: "Source checkout with uv.lock; fixed single-cluster Streamable HTTP transport and an explicit four-tool read allowlist"
  mempalace:
    version: "3.9.0; commit 38260df588968604186b525ecdffb41c140e5f61"
    source: "https://github.com/MemPalace/mempalace.git"
    license: "MIT"
    image: "ghcr.io/mempalace/mempalace@sha256:65da0834ab5ddc2d8247de43aff611393a151eac2893108e66b64f077bf1f232"
    image_platform_manifest: "sha256:65da0834ab5ddc2d8247de43aff611393a151eac2893108e66b64f077bf1f232"
    deployment: "One-writer sqlite_exact; application-read-only restored replicas; warmed local embeddinggemma q8 CPU (2 threads), 384-dimensional MRL; offline verified cache"
    embedding_repository: "onnx-community/embeddinggemma-300m-ONNX"
    embedding_snapshot: "5090578d9565bb06545b4552f76e6bc2c93e4a66"
    embedding_files_sha256:
      tokenizer.json: "4dda02faaf32bc91031dc8c88457ac272b00c1016cc679757d1c441b248b9c47"
      onnx/model_quantized.onnx: "172efde319fe1542dc41f31be6154910b05b78f7a861c265c4600eec906bd6d8"
      onnx/model_quantized.onnx_data: "705626e28e4c23c82ade34566b4197d97f534c12275fa406dfb71e9937d388c0"
    embedding_readiness: "Authenticated add/search plus offline restart search PASS; semantic fixture smoke only, not organizational retrieval-quality admission"
  codegraphcontext:
    version: "0.6.13; commit 2ef71b05a2ad1c5fd644c3ba52d77b502adaf1cf"
    source: "https://github.com/CodeGraphContext/CodeGraphContext.git"
    license: "MIT"
    deployment: "Locally built Linux image aif-m0/codegraphcontext:0.6.13-2ef71b0 with explicit ladybugdb backend"
    image_id: "sha256:9b299edcef77e86e2250dbb8f1d3cafdca576a23165bdea8522dfc35403c88b3"
    v1_enabled: false
    admission_status: "DEFER ENABLEMENT: mandatory protobuf 3.20.3 has two runtime DoS advisories; compatible regenerated SCIP bindings/lifted constraint plus trimmed/re-audited runtime required"
    audit_tool: "pip-audit 2.9.0; eight advisories in pip 25.0.1 (six installer) and protobuf 3.20.3 (two runtime); separate npm audit: 16 build/web findings"
  litellm:
    version: "1.102.0; commit b94b8bca211e366328bcee3acd57d859fd35e52c"
    source: "https://github.com/BerriAI/litellm.git"
    license: "MIT core only; proxy extra directly depends on LicenseRef-Proprietary litellm-enterprise 0.1.67"
    deployment: "Exact source and frozen uv.lock, Linux core-only image aif-m0/litellm-core:1.102.0-b94b8bc"
    image_id: "sha256:c735b6415326127a4aed012df3c30dab07cd218a1887cc7184512c85e16bf63c"
    note: "Final V1 decision: embedded MIT core Router only for raw API calls. Licensed proxy DEFERRED; no proxy procurement or second gateway service is in V1. Native harness agents bypass the raw-model abstraction."

rollback_policy:
  rule: "Rollback means restoring the recorded volume/database backup and starting the last admitted immutable digest; never retag a mutable image."
  current_admitted_set: null
  reason: "Milestone 0 waits for exact owner-fork Paperclip image, baseline migration, and full real re-admission. No Milestone 1 yet. Restore preserved baseline database+volume together; the temporary newer migration journal is not an in-place downgrade path."
